
Microsoft Visual Studio Solution File, Format Version 12.00
# Visual Studio 15
VisualStudioVersion = 15.0.28307.168
MinimumVisualStudioVersion = 10.0.40219.1
Project("{8BC9CEB8-8B4A-11D0-8D11-00A0C91BC942}") = "reverse_bit", "reverse_bit\reverse_bit.vcxproj", "{702FBB85-7924-4434-9F10-2A8E62EFC7ED}"
EndProject
Global
	GlobalSection(SolutionConfigurationPlatforms) = preSolution
		Debug|x64 = Debug|x64
		Debug|x86 = Debug|x86
		Release|x64 = Release|x64
		Release|x86 = Release|x86
	EndGlobalSection
	GlobalSection(ProjectConfigurationPlatforms) = postSolution
		{702FBB85-7924-4434-9F10-2A8E62EFC7ED}.Debug|x64.ActiveCfg = Debug|x64
		{702FBB85-7924-4434-9F10-2A8E62EFC7ED}.Debug|x64.Build.0 = Debug|x64
		{702FBB85-7924-4434-9F10-2A8E62EFC7ED}.Debug|x86.ActiveCfg = Debug|Win32
		{702FBB85-7924-4434-9F10-2A8E62EFC7ED}.Debug|x86.Build.0 = Debug|Win32
		{702FBB85-7924-4434-9F10-2A8E62EFC7ED}.Release|x64.ActiveCfg = Release|x64
		{702FBB85-7924-4434-9F10-2A8E62EFC7ED}.Release|x64.Build.0 = Release|x64
		{702FBB85-7924-4434-9F10-2A8E62EFC7ED}.Release|x86.ActiveCfg = Release|Win32
		{702FBB85-7924-4434-9F10-2A8E62EFC7ED}.Release|x86.Build.0 = Release|Win32
	EndGlobalSection
	GlobalSection(SolutionProperties) = preSolution
		HideSolutionNode = FALSE
	EndGlobalSection
	GlobalSection(ExtensibilityGlobals) = postSolution
		SolutionGuid = {713C2128-B438-4B58-84BC-E2F960B67270}
	EndGlobalSection
EndGlobal
